// !$*UTF8*$!
{
	archiveVersion = 1;
	classes = {
	};
	objectVersion = 77;
	objects = {

/* Begin PBXBuildFile section */
		0067047605C9B6CA669FFB1C /* ParentAccessModel.swift in Sources */ = {isa = PBXBuildFile; fileRef = EB5EC86994F9777EECC5C76E /* ParentAccessModel.swift */; };
		0232B500CBDCDDF621F58C47 /* API in Frameworks */ = {isa = PBXBuildFile; productRef = E92DAAA1129206059F8AB631 /* API */; };
		07EA295A26AAB2CB09D7DB51 /* GuestBattleUITests.swift in Sources */ = {isa = PBXBuildFile; fileRef = 691ECF9E49A9D927740751A4 /* GuestBattleUITests.swift */; };
		0AE427CB33D1F3A07DD0E622 /* InfoPlist.xcstrings in Resources */ = {isa = PBXBuildFile; fileRef = 09A0B5634F0DAEE572A470AA /* InfoPlist.xcstrings */; };
		0F58F73692086AFB687DCE73 /* NonceTests.swift in Sources */ = {isa = PBXBuildFile; fileRef = 515F3CF176A6756DEFC44A08 /* NonceTests.swift */; };
		12C00F092BCA3A29B3FDF98B /* Theme.swift in Sources */ = {isa = PBXBuildFile; fileRef = DB4A1AAFB718B939A17B9853 /* Theme.swift */; };
		150863D85AC60C5CF0F0994D /* FamilySection.swift in Sources */ = {isa = PBXBuildFile; fileRef = 7FC57EBAD66AC6E723F26A0B /* FamilySection.swift */; };
		1BBE68496B0DC80AF22FCDBD /* SessionTokens.swift in Sources */ = {isa = PBXBuildFile; fileRef = A715BDD6EBDFF45326CA3CB0 /* SessionTokens.swift */; };
		1F8593728B30866BB3CFBCF9 /* DragonAcademyApp.swift in Sources */ = {isa = PBXBuildFile; fileRef = 9F6F63287CE2094B2FDA0916 /* DragonAcademyApp.swift */; };
		2E9E242BF11D107873B51843 /* AppConfiguration.swift in Sources */ = {isa = PBXBuildFile; fileRef = 6633332E77314890281C44CF /* AppConfiguration.swift */; };
		3595C0AF5044915E9C8D8401 /* DeviceAuthenticator.swift in Sources */ = {isa = PBXBuildFile; fileRef = 17E2D98D77A7BC4C6664790A /* DeviceAuthenticator.swift */; };
		3ABFB1FF4C75AC7F1965A553 /* PlanStatusService.swift in Sources */ = {isa = PBXBuildFile; fileRef = 969793A4A95FC865CFCF6D6F /* PlanStatusService.swift */; };
		43DC8808D53C717AB0A32322 /* ParentSession.swift in Sources */ = {isa = PBXBuildFile; fileRef = B4C794D7807BD13CEF84CC64 /* ParentSession.swift */; };
		4CEA5D852ED5DAF0231EE786 /* GameRules in Frameworks */ = {isa = PBXBuildFile; productRef = E602508EE76395B2364BBBD5 /* GameRules */; };
		63A8F08731C044FC55F7E2EC /* ParentSignInService.swift in Sources */ = {isa = PBXBuildFile; fileRef = 8609E037D51A32715E9A7842 /* ParentSignInService.swift */; };
		6D15DA89089DCD9B943A6527 /* Nonce.swift in Sources */ = {isa = PBXBuildFile; fileRef = C8EBDE56CA477B0FD750CA13 /* Nonce.swift */; };
		74633E1973199A5BE74A9E5A /* AppleCredentialProvider.swift in Sources */ = {isa = PBXBuildFile; fileRef = AD50AE93D1127F3CBFB56395 /* AppleCredentialProvider.swift */; };
		75C0B1BB550ACF048FBE083F /* TestSupport.swift in Sources */ = {isa = PBXBuildFile; fileRef = FFA6694B2A42455FA9CCFDEF /* TestSupport.swift */; };
		7EFDD131CB9110F91EB370FE /* Assets.xcassets in Resources */ = {isa = PBXBuildFile; fileRef = C14997B444D2DFCAFE325743 /* Assets.xcassets */; };
		89F643973EA64FCBB9C1FCD5 /* ParentalGateTests.swift in Sources */ = {isa = PBXBuildFile; fileRef = DFF3F650FC0A3567D7C13517 /* ParentalGateTests.swift */; };
		8BD7E0617539724462B4C375 /* ParentAccessModelTests.swift in Sources */ = {isa = PBXBuildFile; fileRef = 4CD211A9E411D8337970BACD /* ParentAccessModelTests.swift */; };
		8C4181316C3A1DB4CB820AEE /* PlanStatusServiceTests.swift in Sources */ = {isa = PBXBuildFile; fileRef = 64D9210258529736D41E1CAB /* PlanStatusServiceTests.swift */; };
		8C74F765FE5FE78EB27B4D71 /* FamilyModelTests.swift in Sources */ = {isa = PBXBuildFile; fileRef = FA7C1F63CAD5051EC15FB07D /* FamilyModelTests.swift */; };
		906FD72B160C0E0ADC3A26CE /* PremiumStore.swift in Sources */ = {isa = PBXBuildFile; fileRef = 81FD36E33ABDA366EDE3286B /* PremiumStore.swift */; };
		94030B5DC678C18022AA2994 /* ParentSessionTests.swift in Sources */ = {isa = PBXBuildFile; fileRef = A8C1FA52B581EECC3DEF2667 /* ParentSessionTests.swift */; };
		96A4E1E1649721C9F8DC07DF /* Localizable.xcstrings in Resources */ = {isa = PBXBuildFile; fileRef = 6D8BB1EF0409E5AD5983CDAA /* Localizable.xcstrings */; };
		A594348101F94E4125B7AB0C /* FamilyModel.swift in Sources */ = {isa = PBXBuildFile; fileRef = 388B59E05B7B7E17FC707540 /* FamilyModel.swift */; };
		A67E448C6C3E483A4DA57A4B /* ParentSignInServiceTests.swift in Sources */ = {isa = PBXBuildFile; fileRef = CF86A28E48E848EDA482D10A /* ParentSignInServiceTests.swift */; };
		A9600DC27403D52BC45F036B /* PremiumView.swift in Sources */ = {isa = PBXBuildFile; fileRef = B647E27E5A57F516AD2809AD /* PremiumView.swift */; };
		A9AC16BF29C5E923DCE67864 /* DragonAcademy.storekit in Resources */ = {isa = PBXBuildFile; fileRef = 148755DEC599117103121923 /* DragonAcademy.storekit */; };
		B1D8C586E1921C333293D868 /* PremiumProducts.swift in Sources */ = {isa = PBXBuildFile; fileRef = 4EB247305D7E90F0C041EC5B /* PremiumProducts.swift */; };
		B69797240D2A759D87E8E447 /* PremiumModel.swift in Sources */ = {isa = PBXBuildFile; fileRef = 2AF807E5CA44AC56CDB0A31C /* PremiumModel.swift */; };
		B72F60176B268A5028F86EBF /* StoreKitPremiumStoreTests.swift in Sources */ = {isa = PBXBuildFile; fileRef = EB5B6D1C215BC7C01F652355 /* StoreKitPremiumStoreTests.swift */; };
		B73107E021F565F6EC2EBFE7 /* Store in Frameworks */ = {isa = PBXBuildFile; productRef = 110C9FCB208885E666B1A118 /* Store */; };
		B7EAFA97B63583C18170D4C2 /* ParentalGate.swift in Sources */ = {isa = PBXBuildFile; fileRef = 9DA0B6469002E3F322DC22AF /* ParentalGate.swift */; };
		C8A4FA0F67BCCC678BF924E1 /* MapScreen.swift in Sources */ = {isa = PBXBuildFile; fileRef = 4CB07C33F4D7E270A858992B /* MapScreen.swift */; };
		C92E3E3E36D202D63C86153C /* ParentAccessView.swift in Sources */ = {isa = PBXBuildFile; fileRef = C7F6819A424F41E6EA6F0215 /* ParentAccessView.swift */; };
		CF03AEF6B57FE50628617D46 /* PremiumModelTests.swift in Sources */ = {isa = PBXBuildFile; fileRef = A33E836B392053F3069FDE84 /* PremiumModelTests.swift */; };
		DB38D1358A287A767E7EDC1C /* BattleModelTests.swift in Sources */ = {isa = PBXBuildFile; fileRef = 27981CD1C5DF1C9D776E585E /* BattleModelTests.swift */; };
		DC8973BE8AD0AE64613C30FF /* FamilyService.swift in Sources */ = {isa = PBXBuildFile; fileRef = FC850680A91C7A59BC07A570 /* FamilyService.swift */; };
		DD835D66D7E572CC469D68A6 /* BattleScreen.swift in Sources */ = {isa = PBXBuildFile; fileRef = BE741CC482CC8495E5E25C12 /* BattleScreen.swift */; };
		E6983D3C2211E2C7DBD0E618 /* Audio in Frameworks */ = {isa = PBXBuildFile; productRef = 5CE26A0C2E8569DF51AA4D90 /* Audio */; };
		F490D2685F4291493E5F2EA7 /* BattleModel.swift in Sources */ = {isa = PBXBuildFile; fileRef = EF6B970E257AF6666CC07CC2 /* BattleModel.swift */; };
		F92C6D49A14B426ED9548A08 /* RootView.swift in Sources */ = {isa = PBXBuildFile; fileRef = E81F8109B69713A53909B759 /* RootView.swift */; };
		FDF29AFDEABE73D204A746DD /* Sync in Frameworks */ = {isa = PBXBuildFile; productRef = 916CC51791723BB5B2568620 /* Sync */; };
/* End PBXBuildFile section */

/* Begin PBXContainerItemProxy section */
		285735F012075F171B9965B3 /* PBXContainerItemProxy */ = {
			isa = PBXContainerItemProxy;
			containerPortal = 3EA7A7852AD144AA68757769 /* Project object */;
			proxyType = 1;
			remoteGlobalIDString = 5409B5B43EA8FAF50CCA54FA;
			remoteInfo = DragonAcademy;
		};
		2E8E0A1D5DA3AFD07CA52244 /* PBXContainerItemProxy */ = {
			isa = PBXContainerItemProxy;
			containerPortal = 3EA7A7852AD144AA68757769 /* Project object */;
			proxyType = 1;
			remoteGlobalIDString = 5409B5B43EA8FAF50CCA54FA;
			remoteInfo = DragonAcademy;
		};
/* End PBXContainerItemProxy section */

/* Begin PBXFileReference section */
		09A0B5634F0DAEE572A470AA /* InfoPlist.xcstrings */ = {isa = PBXFileReference; lastKnownFileType = text.json.xcstrings; path = InfoPlist.xcstrings; sourceTree = "<group>"; };
		148755DEC599117103121923 /* DragonAcademy.storekit */ = {isa = PBXFileReference; path = DragonAcademy.storekit; sourceTree = "<group>"; };
		17E2D98D77A7BC4C6664790A /* DeviceAuthenticator.swift */ = {isa = PBXFileReference; lastKnownFileType = sourcecode.swift; path = DeviceAuthenticator.swift; sourceTree = "<group>"; };
		1A778488D79ABF8E892FDE80 /* DragonAcademyTests.xctest */ = {isa = PBXFileReference; includeInIndex = 0; lastKnownFileType = wrapper.cfbundle; path = DragonAcademyTests.xctest; sourceTree = BUILT_PRODUCTS_DIR; };
		1DA52B8F654DFA56A62E6599 /* DragonAcademyUITests.xctest */ = {isa = PBXFileReference; includeInIndex = 0; lastKnownFileType = wrapper.cfbundle; path = DragonAcademyUITests.xctest; sourceTree = BUILT_PRODUCTS_DIR; };
		27981CD1C5DF1C9D776E585E /* BattleModelTests.swift */ = {isa = PBXFileReference; lastKnownFileType = sourcecode.swift; path = BattleModelTests.swift; sourceTree = "<group>"; };
		2A825578E61746A1E4D34E15 /* API */ = {isa = PBXFileReference; lastKnownFileType = folder; name = API; path = Packages/API; sourceTree = SOURCE_ROOT; };
		2AF807E5CA44AC56CDB0A31C /* PremiumModel.swift */ = {isa = PBXFileReference; lastKnownFileType = sourcecode.swift; path = PremiumModel.swift; sourceTree = "<group>"; };
		388B59E05B7B7E17FC707540 /* FamilyModel.swift */ = {isa = PBXFileReference; lastKnownFileType = sourcecode.swift; path = FamilyModel.swift; sourceTree = "<group>"; };
		45A4DA38409466181E3A20D7 /* Audio */ = {isa = PBXFileReference; lastKnownFileType = folder; name = Audio; path = Packages/Audio; sourceTree = SOURCE_ROOT; };
		4CB07C33F4D7E270A858992B /* MapScreen.swift */ = {isa = PBXFileReference; lastKnownFileType = sourcecode.swift; path = MapScreen.swift; sourceTree = "<group>"; };
		4CD211A9E411D8337970BACD /* ParentAccessModelTests.swift */ = {isa = PBXFileReference; lastKnownFileType = sourcecode.swift; path = ParentAccessModelTests.swift; sourceTree = "<group>"; };
		4EB247305D7E90F0C041EC5B /* PremiumProducts.swift */ = {isa = PBXFileReference; lastKnownFileType = sourcecode.swift; path = PremiumProducts.swift; sourceTree = "<group>"; };
		515F3CF176A6756DEFC44A08 /* NonceTests.swift */ = {isa = PBXFileReference; lastKnownFileType = sourcecode.swift; path = NonceTests.swift; sourceTree = "<group>"; };
		64D9210258529736D41E1CAB /* PlanStatusServiceTests.swift */ = {isa = PBXFileReference; lastKnownFileType = sourcecode.swift; path = PlanStatusServiceTests.swift; sourceTree = "<group>"; };
		6633332E77314890281C44CF /* AppConfiguration.swift */ = {isa = PBXFileReference; lastKnownFileType = sourcecode.swift; path = AppConfiguration.swift; sourceTree = "<group>"; };
		691ECF9E49A9D927740751A4 /* GuestBattleUITests.swift */ = {isa = PBXFileReference; lastKnownFileType = sourcecode.swift; path = GuestBattleUITests.swift; sourceTree = "<group>"; };
		6D8BB1EF0409E5AD5983CDAA /* Localizable.xcstrings */ = {isa = PBXFileReference; lastKnownFileType = text.json.xcstrings; path = Localizable.xcstrings; sourceTree = "<group>"; };
		7FC57EBAD66AC6E723F26A0B /* FamilySection.swift */ = {isa = PBXFileReference; lastKnownFileType = sourcecode.swift; path = FamilySection.swift; sourceTree = "<group>"; };
		81FD36E33ABDA366EDE3286B /* PremiumStore.swift */ = {isa = PBXFileReference; lastKnownFileType = sourcecode.swift; path = PremiumStore.swift; sourceTree = "<group>"; };
		8609E037D51A32715E9A7842 /* ParentSignInService.swift */ = {isa = PBXFileReference; lastKnownFileType = sourcecode.swift; path = ParentSignInService.swift; sourceTree = "<group>"; };
		8B169426815D6EC3329F7A86 /* GameRules */ = {isa = PBXFileReference; lastKnownFileType = folder; name = GameRules; path = Packages/GameRules; sourceTree = SOURCE_ROOT; };
		969793A4A95FC865CFCF6D6F /* PlanStatusService.swift */ = {isa = PBXFileReference; lastKnownFileType = sourcecode.swift; path = PlanStatusService.swift; sourceTree = "<group>"; };
		9DA0B6469002E3F322DC22AF /* ParentalGate.swift */ = {isa = PBXFileReference; lastKnownFileType = sourcecode.swift; path = ParentalGate.swift; sourceTree = "<group>"; };
		9F6F63287CE2094B2FDA0916 /* DragonAcademyApp.swift */ = {isa = PBXFileReference; lastKnownFileType = sourcecode.swift; path = DragonAcademyApp.swift; sourceTree = "<group>"; };
		A33E836B392053F3069FDE84 /* PremiumModelTests.swift */ = {isa = PBXFileReference; lastKnownFileType = sourcecode.swift; path = PremiumModelTests.swift; sourceTree = "<group>"; };
		A715BDD6EBDFF45326CA3CB0 /* SessionTokens.swift */ = {isa = PBXFileReference; lastKnownFileType = sourcecode.swift; path = SessionTokens.swift; sourceTree = "<group>"; };
		A8C1FA52B581EECC3DEF2667 /* ParentSessionTests.swift */ = {isa = PBXFileReference; lastKnownFileType = sourcecode.swift; path = ParentSessionTests.swift; sourceTree = "<group>"; };
		AD50AE93D1127F3CBFB56395 /* AppleCredentialProvider.swift */ = {isa = PBXFileReference; lastKnownFileType = sourcecode.swift; path = AppleCredentialProvider.swift; sourceTree = "<group>"; };
		B4C794D7807BD13CEF84CC64 /* ParentSession.swift */ = {isa = PBXFileReference; lastKnownFileType = sourcecode.swift; path = ParentSession.swift; sourceTree = "<group>"; };
		B647E27E5A57F516AD2809AD /* PremiumView.swift */ = {isa = PBXFileReference; lastKnownFileType = sourcecode.swift; path = PremiumView.swift; sourceTree = "<group>"; };
		BE741CC482CC8495E5E25C12 /* BattleScreen.swift */ = {isa = PBXFileReference; lastKnownFileType = sourcecode.swift; path = BattleScreen.swift; sourceTree = "<group>"; };
		C14997B444D2DFCAFE325743 /* Assets.xcassets */ = {isa = PBXFileReference; lastKnownFileType = folder.assetcatalog; path = Assets.xcassets; sourceTree = "<group>"; };
		C5E63BCA4D07123FD15D8D03 /* Info.plist */ = {isa = PBXFileReference; lastKnownFileType = text.plist; path = Info.plist; sourceTree = "<group>"; };
		C7F6819A424F41E6EA6F0215 /* ParentAccessView.swift */ = {isa = PBXFileReference; lastKnownFileType = sourcecode.swift; path = ParentAccessView.swift; sourceTree = "<group>"; };
		C8EBDE56CA477B0FD750CA13 /* Nonce.swift */ = {isa = PBXFileReference; lastKnownFileType = sourcecode.swift; path = Nonce.swift; sourceTree = "<group>"; };
		C90B7AA3962D4952570F61F9 /* Sync */ = {isa = PBXFileReference; lastKnownFileType = folder; name = Sync; path = Packages/Sync; sourceTree = SOURCE_ROOT; };
		CF86A28E48E848EDA482D10A /* ParentSignInServiceTests.swift */ = {isa = PBXFileReference; lastKnownFileType = sourcecode.swift; path = ParentSignInServiceTests.swift; sourceTree = "<group>"; };
		DB4A1AAFB718B939A17B9853 /* Theme.swift */ = {isa = PBXFileReference; lastKnownFileType = sourcecode.swift; path = Theme.swift; sourceTree = "<group>"; };
		DFF3F650FC0A3567D7C13517 /* ParentalGateTests.swift */ = {isa = PBXFileReference; lastKnownFileType = sourcecode.swift; path = ParentalGateTests.swift; sourceTree = "<group>"; };
		E7FF019393A186D6DE09E897 /* Store */ = {isa = PBXFileReference; lastKnownFileType = folder; name = Store; path = Packages/Store; sourceTree = SOURCE_ROOT; };
		E81F8109B69713A53909B759 /* RootView.swift */ = {isa = PBXFileReference; lastKnownFileType = sourcecode.swift; path = RootView.swift; sourceTree = "<group>"; };
		EB5B6D1C215BC7C01F652355 /* StoreKitPremiumStoreTests.swift */ = {isa = PBXFileReference; lastKnownFileType = sourcecode.swift; path = StoreKitPremiumStoreTests.swift; sourceTree = "<group>"; };
		EB5EC86994F9777EECC5C76E /* ParentAccessModel.swift */ = {isa = PBXFileReference; lastKnownFileType = sourcecode.swift; path = ParentAccessModel.swift; sourceTree = "<group>"; };
		EF6B970E257AF6666CC07CC2 /* BattleModel.swift */ = {isa = PBXFileReference; lastKnownFileType = sourcecode.swift; path = BattleModel.swift; sourceTree = "<group>"; };
		F4F97AF3E96162A1FEC50A14 /* DragonAcademy.app */ = {isa = PBXFileReference; includeInIndex = 0; lastKnownFileType = wrapper.application; path = DragonAcademy.app; sourceTree = BUILT_PRODUCTS_DIR; };
		FA7C1F63CAD5051EC15FB07D /* FamilyModelTests.swift */ = {isa = PBXFileReference; lastKnownFileType = sourcecode.swift; path = FamilyModelTests.swift; sourceTree = "<group>"; };
		FC850680A91C7A59BC07A570 /* FamilyService.swift */ = {isa = PBXFileReference; lastKnownFileType = sourcecode.swift; path = FamilyService.swift; sourceTree = "<group>"; };
		FC87FD0F0979185E48455FAA /* DragonAcademy.entitlements */ = {isa = PBXFileReference; lastKnownFileType = text.plist.entitlements; path = DragonAcademy.entitlements; sourceTree = "<group>"; };
		FFA6694B2A42455FA9CCFDEF /* TestSupport.swift */ = {isa = PBXFileReference; lastKnownFileType = sourcecode.swift; path = TestSupport.swift; sourceTree = "<group>"; };
/* End PBXFileReference section */

/* Begin PBXFrameworksBuildPhase section */
		527DEEC674A6728801485E46 /* Frameworks */ = {
			isa = PBXFrameworksBuildPhase;
			buildActionMask = 2147483647;
			files = (
				4CEA5D852ED5DAF0231EE786 /* GameRules in Frameworks */,
				B73107E021F565F6EC2EBFE7 /* Store in Frameworks */,
				0232B500CBDCDDF621F58C47 /* API in Frameworks */,
				FDF29AFDEABE73D204A746DD /* Sync in Frameworks */,
				E6983D3C2211E2C7DBD0E618 /* Audio in Frameworks */,
			);
			runOnlyForDeploymentPostprocessing = 0;
		};
/* End PBXFrameworksBuildPhase section */

/* Begin PBXGroup section */
		0163736CA37DFB057FC03B98 = {
			isa = PBXGroup;
			children = (
				E7E6DE844C6C1FC089F82A26 /* DragonAcademy */,
				3D14AC75CC13F692F245F04E /* DragonAcademyTests */,
				B4E3AA364BF0BCEC146ED7AC /* DragonAcademyUITests */,
				4F1A97BAD033CEF2D8356987 /* Packages */,
				10687B92CA8C03C9DD763B24 /* StoreKit */,
				1FAEAA92D446E0A45A93FA87 /* Products */,
			);
			sourceTree = "<group>";
		};
		10687B92CA8C03C9DD763B24 /* StoreKit */ = {
			isa = PBXGroup;
			children = (
				148755DEC599117103121923 /* DragonAcademy.storekit */,
			);
			path = StoreKit;
			sourceTree = "<group>";
		};
		182A5F094DFA8CA5CF9397D4 /* Family */ = {
			isa = PBXGroup;
			children = (
				388B59E05B7B7E17FC707540 /* FamilyModel.swift */,
				7FC57EBAD66AC6E723F26A0B /* FamilySection.swift */,
				FC850680A91C7A59BC07A570 /* FamilyService.swift */,
			);
			path = Family;
			sourceTree = "<group>";
		};
		1FAEAA92D446E0A45A93FA87 /* Products */ = {
			isa = PBXGroup;
			children = (
				F4F97AF3E96162A1FEC50A14 /* DragonAcademy.app */,
				1A778488D79ABF8E892FDE80 /* DragonAcademyTests.xctest */,
				1DA52B8F654DFA56A62E6599 /* DragonAcademyUITests.xctest */,
			);
			name = Products;
			sourceTree = "<group>";
		};
		3D14AC75CC13F692F245F04E /* DragonAcademyTests */ = {
			isa = PBXGroup;
			children = (
				27981CD1C5DF1C9D776E585E /* BattleModelTests.swift */,
				5A842A8E2F8A95B0019114D6 /* ParentAccess */,
				99954E33F3BDB90679E94C7F /* Premium */,
			);
			path = DragonAcademyTests;
			sourceTree = "<group>";
		};
		442C064BCDB47287180DFEA4 /* Map */ = {
			isa = PBXGroup;
			children = (
				4CB07C33F4D7E270A858992B /* MapScreen.swift */,
			);
			path = Map;
			sourceTree = "<group>";
		};
		45A64BCE3E608739C81E5C1D /* Battle */ = {
			isa = PBXGroup;
			children = (
				EF6B970E257AF6666CC07CC2 /* BattleModel.swift */,
				BE741CC482CC8495E5E25C12 /* BattleScreen.swift */,
			);
			path = Battle;
			sourceTree = "<group>";
		};
		4F1A97BAD033CEF2D8356987 /* Packages */ = {
			isa = PBXGroup;
			children = (
				2A825578E61746A1E4D34E15 /* API */,
				45A4DA38409466181E3A20D7 /* Audio */,
				8B169426815D6EC3329F7A86 /* GameRules */,
				E7FF019393A186D6DE09E897 /* Store */,
				C90B7AA3962D4952570F61F9 /* Sync */,
			);
			path = Packages;
			sourceTree = "<group>";
		};
		5A842A8E2F8A95B0019114D6 /* ParentAccess */ = {
			isa = PBXGroup;
			children = (
				FA7C1F63CAD5051EC15FB07D /* FamilyModelTests.swift */,
				515F3CF176A6756DEFC44A08 /* NonceTests.swift */,
				4CD211A9E411D8337970BACD /* ParentAccessModelTests.swift */,
				DFF3F650FC0A3567D7C13517 /* ParentalGateTests.swift */,
				A8C1FA52B581EECC3DEF2667 /* ParentSessionTests.swift */,
				CF86A28E48E848EDA482D10A /* ParentSignInServiceTests.swift */,
				FFA6694B2A42455FA9CCFDEF /* TestSupport.swift */,
			);
			path = ParentAccess;
			sourceTree = "<group>";
		};
		99954E33F3BDB90679E94C7F /* Premium */ = {
			isa = PBXGroup;
			children = (
				64D9210258529736D41E1CAB /* PlanStatusServiceTests.swift */,
				A33E836B392053F3069FDE84 /* PremiumModelTests.swift */,
				EB5B6D1C215BC7C01F652355 /* StoreKitPremiumStoreTests.swift */,
			);
			path = Premium;
			sourceTree = "<group>";
		};
		B4E3AA364BF0BCEC146ED7AC /* DragonAcademyUITests */ = {
			isa = PBXGroup;
			children = (
				691ECF9E49A9D927740751A4 /* GuestBattleUITests.swift */,
			);
			path = DragonAcademyUITests;
			sourceTree = "<group>";
		};
		C701782AED20E92496075BE5 /* ParentAccess */ = {
			isa = PBXGroup;
			children = (
				AD50AE93D1127F3CBFB56395 /* AppleCredentialProvider.swift */,
				17E2D98D77A7BC4C6664790A /* DeviceAuthenticator.swift */,
				C8EBDE56CA477B0FD750CA13 /* Nonce.swift */,
				EB5EC86994F9777EECC5C76E /* ParentAccessModel.swift */,
				C7F6819A424F41E6EA6F0215 /* ParentAccessView.swift */,
				9DA0B6469002E3F322DC22AF /* ParentalGate.swift */,
				B4C794D7807BD13CEF84CC64 /* ParentSession.swift */,
				8609E037D51A32715E9A7842 /* ParentSignInService.swift */,
				182A5F094DFA8CA5CF9397D4 /* Family */,
			);
			path = ParentAccess;
			sourceTree = "<group>";
		};
		E7E6DE844C6C1FC089F82A26 /* DragonAcademy */ = {
			isa = PBXGroup;
			children = (
				6633332E77314890281C44CF /* AppConfiguration.swift */,
				C14997B444D2DFCAFE325743 /* Assets.xcassets */,
				FC87FD0F0979185E48455FAA /* DragonAcademy.entitlements */,
				9F6F63287CE2094B2FDA0916 /* DragonAcademyApp.swift */,
				C5E63BCA4D07123FD15D8D03 /* Info.plist */,
				09A0B5634F0DAEE572A470AA /* InfoPlist.xcstrings */,
				6D8BB1EF0409E5AD5983CDAA /* Localizable.xcstrings */,
				E81F8109B69713A53909B759 /* RootView.swift */,
				A715BDD6EBDFF45326CA3CB0 /* SessionTokens.swift */,
				DB4A1AAFB718B939A17B9853 /* Theme.swift */,
				45A64BCE3E608739C81E5C1D /* Battle */,
				442C064BCDB47287180DFEA4 /* Map */,
				C701782AED20E92496075BE5 /* ParentAccess */,
				FFF1F8884D9DB929BF0D8C21 /* Premium */,
			);
			path = DragonAcademy;
			sourceTree = "<group>";
		};
		FFF1F8884D9DB929BF0D8C21 /* Premium */ = {
			isa = PBXGroup;
			children = (
				969793A4A95FC865CFCF6D6F /* PlanStatusService.swift */,
				2AF807E5CA44AC56CDB0A31C /* PremiumModel.swift */,
				4EB247305D7E90F0C041EC5B /* PremiumProducts.swift */,
				81FD36E33ABDA366EDE3286B /* PremiumStore.swift */,
				B647E27E5A57F516AD2809AD /* PremiumView.swift */,
			);
			path = Premium;
			sourceTree = "<group>";
		};
/* End PBXGroup section */

/* Begin PBXNativeTarget section */
		5409B5B43EA8FAF50CCA54FA /* DragonAcademy */ = {
			isa = PBXNativeTarget;
			buildConfigurationList = 9A055DA3972A9B09570D1532 /* Build configuration list for PBXNativeTarget "DragonAcademy" */;
			buildPhases = (
				CB996AB0DF47A96BF601FEAE /* Sources */,
				D727A29E0D682180B3A0DE1C /* Resources */,
				527DEEC674A6728801485E46 /* Frameworks */,
			);
			buildRules = (
			);
			dependencies = (
			);
			name = DragonAcademy;
			packageProductDependencies = (
				E602508EE76395B2364BBBD5 /* GameRules */,
				110C9FCB208885E666B1A118 /* Store */,
				E92DAAA1129206059F8AB631 /* API */,
				916CC51791723BB5B2568620 /* Sync */,
				5CE26A0C2E8569DF51AA4D90 /* Audio */,
			);
			productName = DragonAcademy;
			productReference = F4F97AF3E96162A1FEC50A14 /* DragonAcademy.app */;
			productType = "com.apple.product-type.application";
		};
		6797948751EA8D6F12C4DB78 /* DragonAcademyTests */ = {
			isa = PBXNativeTarget;
			buildConfigurationList = A9FD7722E441A923FC3502EC /* Build configuration list for PBXNativeTarget "DragonAcademyTests" */;
			buildPhases = (
				F1D24F1F8F1347687BC8B5C8 /* Sources */,
				05A96E5B8CA3FCEA9DE83AB0 /* Resources */,
			);
			buildRules = (
			);
			dependencies = (
				4EAB47A78C36E0A36EC53D75 /* PBXTargetDependency */,
			);
			name = DragonAcademyTests;
			packageProductDependencies = (
			);
			productName = DragonAcademyTests;
			productReference = 1A778488D79ABF8E892FDE80 /* DragonAcademyTests.xctest */;
			productType = "com.apple.product-type.bundle.unit-test";
		};
		67B75A32CF420E550690A948 /* DragonAcademyUITests */ = {
			isa = PBXNativeTarget;
			buildConfigurationList = AFEE1A2B10F04A33DFAC9774 /* Build configuration list for PBXNativeTarget "DragonAcademyUITests" */;
			buildPhases = (
				CC077EADE943BEAC58607AD7 /* Sources */,
			);
			buildRules = (
			);
			dependencies = (
				3AAEEF4225F6E86D85FB7581 /* PBXTargetDependency */,
			);
			name = DragonAcademyUITests;
			packageProductDependencies = (
			);
			productName = DragonAcademyUITests;
			productReference = 1DA52B8F654DFA56A62E6599 /* DragonAcademyUITests.xctest */;
			productType = "com.apple.product-type.bundle.ui-testing";
		};
/* End PBXNativeTarget section */

/* Begin PBXProject section */
		3EA7A7852AD144AA68757769 /* Project object */ = {
			isa = PBXProject;
			attributes = {
				BuildIndependentTargetsInParallel = YES;
				LastUpgradeCheck = 1430;
				TargetAttributes = {
					5409B5B43EA8FAF50CCA54FA = {
						DevelopmentTeam = "";
						ProvisioningStyle = Automatic;
					};
					6797948751EA8D6F12C4DB78 = {
						DevelopmentTeam = "";
						ProvisioningStyle = Automatic;
					};
					67B75A32CF420E550690A948 = {
						DevelopmentTeam = "";
						ProvisioningStyle = Automatic;
						TestTargetID = 5409B5B43EA8FAF50CCA54FA;
					};
				};
			};
			buildConfigurationList = A0B1F67EE647456173B0848F /* Build configuration list for PBXProject "DragonAcademy" */;
			developmentRegion = en;
			hasScannedForEncodings = 0;
			knownRegions = (
				Base,
				en,
			);
			mainGroup = 0163736CA37DFB057FC03B98;
			minimizedProjectReferenceProxies = 1;
			packageReferences = (
				D933AC05E73A4E4E12FD12B9 /* XCLocalSwiftPackageReference "Packages/API" */,
				E5A0D8F1274FF87A5EBD4776 /* XCLocalSwiftPackageReference "Packages/Audio" */,
				C0BEBF56D6EEBD8F76C2CE4E /* XCLocalSwiftPackageReference "Packages/GameRules" */,
				730514F0D273200FA44A460C /* XCLocalSwiftPackageReference "Packages/Store" */,
				B43DE6E2FFB6A83AF1EE3811 /* XCLocalSwiftPackageReference "Packages/Sync" */,
			);
			preferredProjectObjectVersion = 77;
			productRefGroup = 1FAEAA92D446E0A45A93FA87 /* Products */;
			projectDirPath = "";
			projectRoot = "";
			targets = (
				5409B5B43EA8FAF50CCA54FA /* DragonAcademy */,
				6797948751EA8D6F12C4DB78 /* DragonAcademyTests */,
				67B75A32CF420E550690A948 /* DragonAcademyUITests */,
			);
		};
/* End PBXProject section */

/* Begin PBXResourcesBuildPhase section */
		05A96E5B8CA3FCEA9DE83AB0 /* Resources */ = {
			isa = PBXResourcesBuildPhase;
			buildActionMask = 2147483647;
			files = (
				A9AC16BF29C5E923DCE67864 /* DragonAcademy.storekit in Resources */,
			);
			runOnlyForDeploymentPostprocessing = 0;
		};
		D727A29E0D682180B3A0DE1C /* Resources */ = {
			isa = PBXResourcesBuildPhase;
			buildActionMask = 2147483647;
			files = (
				7EFDD131CB9110F91EB370FE /* Assets.xcassets in Resources */,
				0AE427CB33D1F3A07DD0E622 /* InfoPlist.xcstrings in Resources */,
				96A4E1E1649721C9F8DC07DF /* Localizable.xcstrings in Resources */,
			);
			runOnlyForDeploymentPostprocessing = 0;
		};
/* End PBXResourcesBuildPhase section */

/* Begin PBXSourcesBuildPhase section */
		CB996AB0DF47A96BF601FEAE /* Sources */ = {
			isa = PBXSourcesBuildPhase;
			buildActionMask = 2147483647;
			files = (
				2E9E242BF11D107873B51843 /* AppConfiguration.swift in Sources */,
				74633E1973199A5BE74A9E5A /* AppleCredentialProvider.swift in Sources */,
				F490D2685F4291493E5F2EA7 /* BattleModel.swift in Sources */,
				DD835D66D7E572CC469D68A6 /* BattleScreen.swift in Sources */,
				3595C0AF5044915E9C8D8401 /* DeviceAuthenticator.swift in Sources */,
				1F8593728B30866BB3CFBCF9 /* DragonAcademyApp.swift in Sources */,
				A594348101F94E4125B7AB0C /* FamilyModel.swift in Sources */,
				150863D85AC60C5CF0F0994D /* FamilySection.swift in Sources */,
				DC8973BE8AD0AE64613C30FF /* FamilyService.swift in Sources */,
				C8A4FA0F67BCCC678BF924E1 /* MapScreen.swift in Sources */,
				6D15DA89089DCD9B943A6527 /* Nonce.swift in Sources */,
				0067047605C9B6CA669FFB1C /* ParentAccessModel.swift in Sources */,
				C92E3E3E36D202D63C86153C /* ParentAccessView.swift in Sources */,
				43DC8808D53C717AB0A32322 /* ParentSession.swift in Sources */,
				63A8F08731C044FC55F7E2EC /* ParentSignInService.swift in Sources */,
				B7EAFA97B63583C18170D4C2 /* ParentalGate.swift in Sources */,
				3ABFB1FF4C75AC7F1965A553 /* PlanStatusService.swift in Sources */,
				B69797240D2A759D87E8E447 /* PremiumModel.swift in Sources */,
				B1D8C586E1921C333293D868 /* PremiumProducts.swift in Sources */,
				906FD72B160C0E0ADC3A26CE /* PremiumStore.swift in Sources */,
				A9600DC27403D52BC45F036B /* PremiumView.swift in Sources */,
				F92C6D49A14B426ED9548A08 /* RootView.swift in Sources */,
				1BBE68496B0DC80AF22FCDBD /* SessionTokens.swift in Sources */,
				12C00F092BCA3A29B3FDF98B /* Theme.swift in Sources */,
			);
			runOnlyForDeploymentPostprocessing = 0;
		};
		CC077EADE943BEAC58607AD7 /* Sources */ = {
			isa = PBXSourcesBuildPhase;
			buildActionMask = 2147483647;
			files = (
				07EA295A26AAB2CB09D7DB51 /* GuestBattleUITests.swift in Sources */,
			);
			runOnlyForDeploymentPostprocessing = 0;
		};
		F1D24F1F8F1347687BC8B5C8 /* Sources */ = {
			isa = PBXSourcesBuildPhase;
			buildActionMask = 2147483647;
			files = (
				DB38D1358A287A767E7EDC1C /* BattleModelTests.swift in Sources */,
				8C74F765FE5FE78EB27B4D71 /* FamilyModelTests.swift in Sources */,
				0F58F73692086AFB687DCE73 /* NonceTests.swift in Sources */,
				8BD7E0617539724462B4C375 /* ParentAccessModelTests.swift in Sources */,
				94030B5DC678C18022AA2994 /* ParentSessionTests.swift in Sources */,
				A67E448C6C3E483A4DA57A4B /* ParentSignInServiceTests.swift in Sources */,
				89F643973EA64FCBB9C1FCD5 /* ParentalGateTests.swift in Sources */,
				8C4181316C3A1DB4CB820AEE /* PlanStatusServiceTests.swift in Sources */,
				CF03AEF6B57FE50628617D46 /* PremiumModelTests.swift in Sources */,
				B72F60176B268A5028F86EBF /* StoreKitPremiumStoreTests.swift in Sources */,
				75C0B1BB550ACF048FBE083F /* TestSupport.swift in Sources */,
			);
			runOnlyForDeploymentPostprocessing = 0;
		};
/* End PBXSourcesBuildPhase section */

/* Begin PBXTargetDependency section */
		3AAEEF4225F6E86D85FB7581 /* PBXTargetDependency */ = {
			isa = PBXTargetDependency;
			target = 5409B5B43EA8FAF50CCA54FA /* DragonAcademy */;
			targetProxy = 2E8E0A1D5DA3AFD07CA52244 /* PBXContainerItemProxy */;
		};
		4EAB47A78C36E0A36EC53D75 /* PBXTargetDependency */ = {
			isa = PBXTargetDependency;
			target = 5409B5B43EA8FAF50CCA54FA /* DragonAcademy */;
			targetProxy = 285735F012075F171B9965B3 /* PBXContainerItemProxy */;
		};
/* End PBXTargetDependency section */

/* Begin XCBuildConfiguration section */
		297E397BCA37C2442E5C13EA /* Release */ = {
			isa = XCBuildConfiguration;
			buildSettings = {
				ALWAYS_SEARCH_USER_PATHS = NO;
				CLANG_ANALYZER_NONNULL = YES;
				CLANG_ANALYZER_NUMBER_OBJECT_CONVERSION = YES_AGGRESSIVE;
				CLANG_CXX_LANGUAGE_STANDARD = "gnu++14";
				CLANG_CXX_LIBRARY = "libc++";
				CLANG_ENABLE_MODULES = YES;
				CLANG_ENABLE_OBJC_ARC = YES;
				CLANG_ENABLE_OBJC_WEAK = YES;
				CLANG_WARN_BLOCK_CAPTURE_AUTORELEASING = YES;
				CLANG_WARN_BOOL_CONVERSION = YES;
				CLANG_WARN_COMMA = YES;
				CLANG_WARN_CONSTANT_CONVERSION = YES;
				CLANG_WARN_DEPRECATED_OBJC_IMPLEMENTATIONS = YES;
				CLANG_WARN_DIRECT_OBJC_ISA_USAGE = YES_ERROR;
				CLANG_WARN_DOCUMENTATION_COMMENTS = YES;
				CLANG_WARN_EMPTY_BODY = YES;
				CLANG_WARN_ENUM_CONVERSION = YES;
				CLANG_WARN_INFINITE_RECURSION = YES;
				CLANG_WARN_INT_CONVERSION = YES;
				CLANG_WARN_NON_LITERAL_NULL_CONVERSION = YES;
				CLANG_WARN_OBJC_IMPLICIT_RETAIN_SELF = YES;
				CLANG_WARN_OBJC_LITERAL_CONVERSION = YES;
				CLANG_WARN_OBJC_ROOT_CLASS = YES_ERROR;
				CLANG_WARN_QUOTED_INCLUDE_IN_FRAMEWORK_HEADER = YES;
				CLANG_WARN_RANGE_LOOP_ANALYSIS = YES;
				CLANG_WARN_STRICT_PROTOTYPES = YES;
				CLANG_WARN_SUSPICIOUS_MOVE = YES;
				CLANG_WARN_UNGUARDED_AVAILABILITY = YES_AGGRESSIVE;
				CLANG_WARN_UNREACHABLE_CODE = YES;
				CLANG_WARN__DUPLICATE_METHOD_MATCH = YES;
				CODE_SIGN_STYLE = Automatic;
				COPY_PHASE_STRIP = NO;
				CURRENT_PROJECT_VERSION = 1;
				DEBUG_INFORMATION_FORMAT = "dwarf-with-dsym";
				DEVELOPMENT_TEAM = "";
				ENABLE_NS_ASSERTIONS = NO;
				ENABLE_STRICT_OBJC_MSGSEND = YES;
				ENABLE_USER_SCRIPT_SANDBOXING = YES;
				GCC_C_LANGUAGE_STANDARD = gnu11;
				GCC_NO_COMMON_BLOCKS = YES;
				GCC_WARN_64_TO_32_BIT_CONVERSION = YES;
				GCC_WARN_ABOUT_RETURN_TYPE = YES_ERROR;
				GCC_WARN_UNDECLARED_SELECTOR = YES;
				GCC_WARN_UNINITIALIZED_AUTOS = YES_AGGRESSIVE;
				GCC_WARN_UNUSED_FUNCTION = YES;
				GCC_WARN_UNUSED_VARIABLE = YES;
				IPHONEOS_DEPLOYMENT_TARGET = 18.0;
				LOCALIZATION_PREFERS_STRING_CATALOGS = YES;
				MARKETING_VERSION = 0.1.0;
				MTL_ENABLE_DEBUG_INFO = NO;
				MTL_FAST_MATH = YES;
				PRODUCT_NAME = "$(TARGET_NAME)";
				SDKROOT = iphoneos;
				STRING_CATALOG_GENERATE_SYMBOLS = YES;
				SWIFT_COMPILATION_MODE = wholemodule;
				SWIFT_EMIT_LOC_STRINGS = YES;
				SWIFT_OPTIMIZATION_LEVEL = "-O";
				SWIFT_VERSION = 6.0;
			};
			name = Release;
		};
		4EE89E8BD32830668FE30275 /* Release */ = {
			isa = XCBuildConfiguration;
			buildSettings = {
				BUNDLE_LOADER = "$(TEST_HOST)";
				GENERATE_INFOPLIST_FILE = YES;
				LD_RUNPATH_SEARCH_PATHS = (
					"$(inherited)",
					"@executable_path/Frameworks",
					"@loader_path/Frameworks",
				);
				PRODUCT_BUNDLE_IDENTIFIER = dev.placeholder.dragonacademy.tests;
				SDKROOT = iphoneos;
				TARGETED_DEVICE_FAMILY = "1,2";
				TEST_HOST = "$(BUILT_PRODUCTS_DIR)/DragonAcademy.app/DragonAcademy";
			};
			name = Release;
		};
		764109DDB272C3D344A1D0F9 /* Debug */ = {
			isa = XCBuildConfiguration;
			buildSettings = {
				BUNDLE_LOADER = "$(TEST_HOST)";
				GENERATE_INFOPLIST_FILE = YES;
				LD_RUNPATH_SEARCH_PATHS = (
					"$(inherited)",
					"@executable_path/Frameworks",
					"@loader_path/Frameworks",
				);
				PRODUCT_BUNDLE_IDENTIFIER = dev.placeholder.dragonacademy.uitests;
				SDKROOT = iphoneos;
				TARGETED_DEVICE_FAMILY = "1,2";
				TEST_TARGET_NAME = DragonAcademy;
			};
			name = Debug;
		};
		80658BB1430C43274D3DF151 /* Debug */ = {
			isa = XCBuildConfiguration;
			buildSettings = {
				BUNDLE_LOADER = "$(TEST_HOST)";
				GENERATE_INFOPLIST_FILE = YES;
				LD_RUNPATH_SEARCH_PATHS = (
					"$(inherited)",
					"@executable_path/Frameworks",
					"@loader_path/Frameworks",
				);
				PRODUCT_BUNDLE_IDENTIFIER = dev.placeholder.dragonacademy.tests;
				SDKROOT = iphoneos;
				TARGETED_DEVICE_FAMILY = "1,2";
				TEST_HOST = "$(BUILT_PRODUCTS_DIR)/DragonAcademy.app/DragonAcademy";
			};
			name = Debug;
		};
		A427EBD95E6674816F527107 /* Release */ = {
			isa = XCBuildConfiguration;
			buildSettings = {
				BUNDLE_LOADER = "$(TEST_HOST)";
				GENERATE_INFOPLIST_FILE = YES;
				LD_RUNPATH_SEARCH_PATHS = (
					"$(inherited)",
					"@executable_path/Frameworks",
					"@loader_path/Frameworks",
				);
				PRODUCT_BUNDLE_IDENTIFIER = dev.placeholder.dragonacademy.uitests;
				SDKROOT = iphoneos;
				TARGETED_DEVICE_FAMILY = "1,2";
				TEST_TARGET_NAME = DragonAcademy;
			};
			name = Release;
		};
		A87A54C786770434C5EB73A0 /* Debug */ = {
			isa = XCBuildConfiguration;
			buildSettings = {
				ALWAYS_SEARCH_USER_PATHS = NO;
				CLANG_ANALYZER_NONNULL = YES;
				CLANG_ANALYZER_NUMBER_OBJECT_CONVERSION = YES_AGGRESSIVE;
				CLANG_CXX_LANGUAGE_STANDARD = "gnu++14";
				CLANG_CXX_LIBRARY = "libc++";
				CLANG_ENABLE_MODULES = YES;
				CLANG_ENABLE_OBJC_ARC = YES;
				CLANG_ENABLE_OBJC_WEAK = YES;
				CLANG_WARN_BLOCK_CAPTURE_AUTORELEASING = YES;
				CLANG_WARN_BOOL_CONVERSION = YES;
				CLANG_WARN_COMMA = YES;
				CLANG_WARN_CONSTANT_CONVERSION = YES;
				CLANG_WARN_DEPRECATED_OBJC_IMPLEMENTATIONS = YES;
				CLANG_WARN_DIRECT_OBJC_ISA_USAGE = YES_ERROR;
				CLANG_WARN_DOCUMENTATION_COMMENTS = YES;
				CLANG_WARN_EMPTY_BODY = YES;
				CLANG_WARN_ENUM_CONVERSION = YES;
				CLANG_WARN_INFINITE_RECURSION = YES;
				CLANG_WARN_INT_CONVERSION = YES;
				CLANG_WARN_NON_LITERAL_NULL_CONVERSION = YES;
				CLANG_WARN_OBJC_IMPLICIT_RETAIN_SELF = YES;
				CLANG_WARN_OBJC_LITERAL_CONVERSION = YES;
				CLANG_WARN_OBJC_ROOT_CLASS = YES_ERROR;
				CLANG_WARN_QUOTED_INCLUDE_IN_FRAMEWORK_HEADER = YES;
				CLANG_WARN_RANGE_LOOP_ANALYSIS = YES;
				CLANG_WARN_STRICT_PROTOTYPES = YES;
				CLANG_WARN_SUSPICIOUS_MOVE = YES;
				CLANG_WARN_UNGUARDED_AVAILABILITY = YES_AGGRESSIVE;
				CLANG_WARN_UNREACHABLE_CODE = YES;
				CLANG_WARN__DUPLICATE_METHOD_MATCH = YES;
				CODE_SIGN_STYLE = Automatic;
				COPY_PHASE_STRIP = NO;
				CURRENT_PROJECT_VERSION = 1;
				DEBUG_INFORMATION_FORMAT = dwarf;
				DEVELOPMENT_TEAM = "";
				ENABLE_STRICT_OBJC_MSGSEND = YES;
				ENABLE_TESTABILITY = YES;
				ENABLE_USER_SCRIPT_SANDBOXING = YES;
				GCC_C_LANGUAGE_STANDARD = gnu11;
				GCC_DYNAMIC_NO_PIC = NO;
				GCC_NO_COMMON_BLOCKS = YES;
				GCC_OPTIMIZATION_LEVEL = 0;
				GCC_PREPROCESSOR_DEFINITIONS = (
					"$(inherited)",
					"DEBUG=1",
				);
				GCC_WARN_64_TO_32_BIT_CONVERSION = YES;
				GCC_WARN_ABOUT_RETURN_TYPE = YES_ERROR;
				GCC_WARN_UNDECLARED_SELECTOR = YES;
				GCC_WARN_UNINITIALIZED_AUTOS = YES_AGGRESSIVE;
				GCC_WARN_UNUSED_FUNCTION = YES;
				GCC_WARN_UNUSED_VARIABLE = YES;
				IPHONEOS_DEPLOYMENT_TARGET = 18.0;
				LOCALIZATION_PREFERS_STRING_CATALOGS = YES;
				MARKETING_VERSION = 0.1.0;
				MTL_ENABLE_DEBUG_INFO = INCLUDE_SOURCE;
				MTL_FAST_MATH = YES;
				ONLY_ACTIVE_ARCH = YES;
				PRODUCT_NAME = "$(TARGET_NAME)";
				SDKROOT = iphoneos;
				STRING_CATALOG_GENERATE_SYMBOLS = YES;
				SWIFT_ACTIVE_COMPILATION_CONDITIONS = DEBUG;
				SWIFT_EMIT_LOC_STRINGS = YES;
				SWIFT_OPTIMIZATION_LEVEL = "-Onone";
				SWIFT_VERSION = 6.0;
			};
			name = Debug;
		};
		BB486F5803433C3BD80A53C2 /* Release */ = {
			isa = XCBuildConfiguration;
			buildSettings = {
				ASSETCATALOG_COMPILER_APPICON_NAME = AppIcon;
				ASSETCATALOG_COMPILER_GLOBAL_ACCENT_COLOR_NAME = AccentColor;
				CODE_SIGN_ENTITLEMENTS = DragonAcademy/DragonAcademy.entitlements;
				CODE_SIGN_IDENTITY = "iPhone Developer";
				DRAGON_API_BASE_URL = "https://mydragonmath.com";
				ENABLE_PREVIEWS = YES;
				GENERATE_INFOPLIST_FILE = YES;
				INFOPLIST_FILE = DragonAcademy/Info.plist;
				INFOPLIST_KEY_CFBundleDisplayName = "Dragon Academy";
				INFOPLIST_KEY_LSApplicationCategoryType = "public.app-category.education";
				INFOPLIST_KEY_NSFaceIDUsageDescription = "Face ID keeps the parent area for grown-ups only.";
				INFOPLIST_KEY_UIApplicationSceneManifest_Generation = YES;
				INFOPLIST_KEY_UILaunchScreen_Generation = YES;
				INFOPLIST_KEY_UIRequiresFullScreen = NO;
				INFOPLIST_KEY_UISupportedInterfaceOrientations_iPad = "UIInterfaceOrientationPortrait UIInterfaceOrientationPortraitUpsideDown UIInterfaceOrientationLandscapeLeft UIInterfaceOrientationLandscapeRight";
				INFOPLIST_KEY_UISupportedInterfaceOrientations_iPhone = UIInterfaceOrientationPortrait;
				LD_RUNPATH_SEARCH_PATHS = (
					"$(inherited)",
					"@executable_path/Frameworks",
				);
				PRODUCT_BUNDLE_IDENTIFIER = dev.placeholder.dragonacademy;
				PRODUCT_NAME = DragonAcademy;
				SDKROOT = iphoneos;
				TARGETED_DEVICE_FAMILY = "1,2";
			};
			name = Release;
		};
		C093C1960A7E826F85AEEF2F /* Debug */ = {
			isa = XCBuildConfiguration;
			buildSettings = {
				ASSETCATALOG_COMPILER_APPICON_NAME = AppIcon;
				ASSETCATALOG_COMPILER_GLOBAL_ACCENT_COLOR_NAME = AccentColor;
				CODE_SIGN_ENTITLEMENTS = DragonAcademy/DragonAcademy.entitlements;
				CODE_SIGN_IDENTITY = "iPhone Developer";
				DRAGON_API_BASE_URL = "http://localhost:3001";
				ENABLE_PREVIEWS = YES;
				GENERATE_INFOPLIST_FILE = YES;
				INFOPLIST_FILE = DragonAcademy/Info.plist;
				INFOPLIST_KEY_CFBundleDisplayName = "Dragon Academy";
				INFOPLIST_KEY_LSApplicationCategoryType = "public.app-category.education";
				INFOPLIST_KEY_NSFaceIDUsageDescription = "Face ID keeps the parent area for grown-ups only.";
				INFOPLIST_KEY_UIApplicationSceneManifest_Generation = YES;
				INFOPLIST_KEY_UILaunchScreen_Generation = YES;
				INFOPLIST_KEY_UIRequiresFullScreen = NO;
				INFOPLIST_KEY_UISupportedInterfaceOrientations_iPad = "UIInterfaceOrientationPortrait UIInterfaceOrientationPortraitUpsideDown UIInterfaceOrientationLandscapeLeft UIInterfaceOrientationLandscapeRight";
				INFOPLIST_KEY_UISupportedInterfaceOrientations_iPhone = UIInterfaceOrientationPortrait;
				LD_RUNPATH_SEARCH_PATHS = (
					"$(inherited)",
					"@executable_path/Frameworks",
				);
				PRODUCT_BUNDLE_IDENTIFIER = dev.placeholder.dragonacademy;
				PRODUCT_NAME = DragonAcademy;
				SDKROOT = iphoneos;
				TARGETED_DEVICE_FAMILY = "1,2";
			};
			name = Debug;
		};
/* End XCBuildConfiguration section */

/* Begin XCConfigurationList section */
		9A055DA3972A9B09570D1532 /* Build configuration list for PBXNativeTarget "DragonAcademy" */ = {
			isa = XCConfigurationList;
			buildConfigurations = (
				C093C1960A7E826F85AEEF2F /* Debug */,
				BB486F5803433C3BD80A53C2 /* Release */,
			);
			defaultConfigurationIsVisible = 0;
			defaultConfigurationName = Debug;
		};
		A0B1F67EE647456173B0848F /* Build configuration list for PBXProject "DragonAcademy" */ = {
			isa = XCConfigurationList;
			buildConfigurations = (
				A87A54C786770434C5EB73A0 /* Debug */,
				297E397BCA37C2442E5C13EA /* Release */,
			);
			defaultConfigurationIsVisible = 0;
			defaultConfigurationName = Debug;
		};
		A9FD7722E441A923FC3502EC /* Build configuration list for PBXNativeTarget "DragonAcademyTests" */ = {
			isa = XCConfigurationList;
			buildConfigurations = (
				80658BB1430C43274D3DF151 /* Debug */,
				4EE89E8BD32830668FE30275 /* Release */,
			);
			defaultConfigurationIsVisible = 0;
			defaultConfigurationName = Debug;
		};
		AFEE1A2B10F04A33DFAC9774 /* Build configuration list for PBXNativeTarget "DragonAcademyUITests" */ = {
			isa = XCConfigurationList;
			buildConfigurations = (
				764109DDB272C3D344A1D0F9 /* Debug */,
				A427EBD95E6674816F527107 /* Release */,
			);
			defaultConfigurationIsVisible = 0;
			defaultConfigurationName = Debug;
		};
/* End XCConfigurationList section */

/* Begin XCLocalSwiftPackageReference section */
		730514F0D273200FA44A460C /* XCLocalSwiftPackageReference "Packages/Store" */ = {
			isa = XCLocalSwiftPackageReference;
			relativePath = Packages/Store;
		};
		B43DE6E2FFB6A83AF1EE3811 /* XCLocalSwiftPackageReference "Packages/Sync" */ = {
			isa = XCLocalSwiftPackageReference;
			relativePath = Packages/Sync;
		};
		C0BEBF56D6EEBD8F76C2CE4E /* XCLocalSwiftPackageReference "Packages/GameRules" */ = {
			isa = XCLocalSwiftPackageReference;
			relativePath = Packages/GameRules;
		};
		D933AC05E73A4E4E12FD12B9 /* XCLocalSwiftPackageReference "Packages/API" */ = {
			isa = XCLocalSwiftPackageReference;
			relativePath = Packages/API;
		};
		E5A0D8F1274FF87A5EBD4776 /* XCLocalSwiftPackageReference "Packages/Audio" */ = {
			isa = XCLocalSwiftPackageReference;
			relativePath = Packages/Audio;
		};
/* End XCLocalSwiftPackageReference section */

/* Begin XCSwiftPackageProductDependency section */
		110C9FCB208885E666B1A118 /* Store */ = {
			isa = XCSwiftPackageProductDependency;
			productName = Store;
		};
		5CE26A0C2E8569DF51AA4D90 /* Audio */ = {
			isa = XCSwiftPackageProductDependency;
			productName = Audio;
		};
		916CC51791723BB5B2568620 /* Sync */ = {
			isa = XCSwiftPackageProductDependency;
			productName = Sync;
		};
		E602508EE76395B2364BBBD5 /* GameRules */ = {
			isa = XCSwiftPackageProductDependency;
			productName = GameRules;
		};
		E92DAAA1129206059F8AB631 /* API */ = {
			isa = XCSwiftPackageProductDependency;
			productName = API;
		};
/* End XCSwiftPackageProductDependency section */
	};
	rootObject = 3EA7A7852AD144AA68757769 /* Project object */;
}
